
Microsoft Visual Studio Solution File, Format Version 12.00
# Visual Studio 15
VisualStudioVersion = 15.0.28010.2026
MinimumVisualStudioVersion = 10.0.40219.1
Project("{2150E333-8FDC-42A3-9474-1A3956D46DE8}") = "xConnect", "xConnect", "{A9B69A5C-3877-43BC-A434-C67DA86359AE}"
EndProject
Project("{2150E333-8FDC-42A3-9474-1A3956D46DE8}") = "Build", "Build", "{9409F3C3-B313-4767-AB93-0E3B4E9F61B9}"
	ProjectSection(SolutionItems) = preProject
		build.cake = build.cake
		build.ps1 = build.ps1
		cake-config.json = cake-config.json
		publishsettings.targets = publishsettings.targets
	EndProjectSection
EndProject
Project("{2150E333-8FDC-42A3-9474-1A3956D46DE8}") = "CakeScripts", "CakeScripts", "{58B12CE8-0F2B-4E74-A61D-76C36776589B}"
	ProjectSection(SolutionItems) = preProject
		CakeScripts\helper-methods.cake = CakeScripts\helper-methods.cake
	EndProjectSection
EndProject
Project("{2150E333-8FDC-42A3-9474-1A3956D46DE8}") = "Scripts", "Scripts", "{C18E560F-D66D-490B-B6E9-BA149166D233}"
EndProject
Project("{2150E333-8FDC-42A3-9474-1A3956D46DE8}") = "Unicorn", "Unicorn", "{38D05F6E-1A40-4B38-BB64-82220085FEF6}"
	ProjectSection(SolutionItems) = preProject
		scripts\Unicorn\Sync.ps1 = scripts\Unicorn\Sync.ps1
		scripts\Unicorn\Unicorn.psm1 = scripts\Unicorn\Unicorn.psm1
	EndProjectSection
EndProject
Project("{FAE04EC0-301F-11D3-BF4B-00C04F79EFBC}") = "Sitecore.HabitatHome.Fitness.Project.AppItems", "src\Project\AppItems\code\Sitecore.HabitatHome.Fitness.Project.AppItems.csproj", "{E5B68690-9A50-49D8-9B1A-E8C5DA181ADC}"
EndProject
Project("{FAE04EC0-301F-11D3-BF4B-00C04F79EFBC}") = "Sitecore.HabitatHome.Fitness.Feature.Automation", "src\Feature\Automation\code\Sitecore.HabitatHome.Fitness.Feature.Automation.csproj", "{9A3F5FEF-B381-47BD-92E9-D64D52126BCF}"
EndProject
Project("{FAE04EC0-301F-11D3-BF4B-00C04F79EFBC}") = "Sitecore.HabitatHome.Fitness.Foundation.Collection", "src\Foundation\Collection\code\Sitecore.HabitatHome.Fitness.Foundation.Collection.csproj", "{6ED673BF-33F1-430E-B8D8-B66B8AEB0E85}"
EndProject
Project("{FAE04EC0-301F-11D3-BF4B-00C04F79EFBC}") = "Sitecore.HabitatHome.Fitness.Foundation.Collection.Model", "src\Foundation\Collection.Model\code\Sitecore.HabitatHome.Fitness.Foundation.Collection.Model.csproj", "{8B8EF537-2E63-4CC5-93B0-7DFA3F784EC1}"
EndProject
Project("{FAE04EC0-301F-11D3-BF4B-00C04F79EFBC}") = "Sitecore.HabitatHome.Fitness.Collection.Model.Deploy", "src\Foundation\Collection.Model\xconnect\Sitecore.HabitatHome.Fitness.Collection.Model.Deploy.csproj", "{310540F3-8784-47B0-B29E-2BACEEAC7A8C}"
EndProject
Project("{FAE04EC0-301F-11D3-BF4B-00C04F79EFBC}") = "Sitecore.HabitatHome.Fitness.Feature.Personalization", "src\Feature\Personalization\code\Sitecore.HabitatHome.Fitness.Feature.Personalization.csproj", "{4473BFB3-079C-4C5A-BEA3-16AEFEA09F48}"
EndProject
Project("{FAE04EC0-301F-11D3-BF4B-00C04F79EFBC}") = "Sitecore.HabitatHome.Fitness.Feature.Segmentation", "src\Feature\Segmentation\code\Sitecore.HabitatHome.Fitness.Feature.Segmentation.csproj", "{699D6EAB-B71E-4A58-AB09-98C88B7AC0B4}"
EndProject
Project("{2150E333-8FDC-42A3-9474-1A3956D46DE8}") = "Feature", "Feature", "{793A4AD2-0A79-4A1C-BFBF-E0A3BC7B5E97}"
EndProject
Project("{2150E333-8FDC-42A3-9474-1A3956D46DE8}") = "Foundation", "Foundation", "{EDE3845D-78A7-421B-97B6-CDCE28311569}"
EndProject
Project("{2150E333-8FDC-42A3-9474-1A3956D46DE8}") = "Project", "Project", "{EA401552-2AAA-4F19-A1BF-01E1CA119453}"
EndProject
Project("{FAE04EC0-301F-11D3-BF4B-00C04F79EFBC}") = "Sitecore.HabitatHome.Fitness.Foundation.Serialization", "src\Foundation\Serialization\code\Foundation.Serialization\Sitecore.HabitatHome.Fitness.Foundation.Serialization.csproj", "{CE150842-25D5-4673-B4F8-F951465EFA28}"
EndProject
Global
	GlobalSection(SolutionConfigurationPlatforms) = preSolution
		Debug|Any CPU = Debug|Any CPU
		Release|Any CPU = Release|Any CPU
	EndGlobalSection
	GlobalSection(ProjectConfigurationPlatforms) = postSolution
		{E5B68690-9A50-49D8-9B1A-E8C5DA181ADC}.Debug|Any CPU.ActiveCfg = Debug|Any CPU
		{E5B68690-9A50-49D8-9B1A-E8C5DA181ADC}.Debug|Any CPU.Build.0 = Debug|Any CPU
		{E5B68690-9A50-49D8-9B1A-E8C5DA181ADC}.Release|Any CPU.ActiveCfg = Release|Any CPU
		{E5B68690-9A50-49D8-9B1A-E8C5DA181ADC}.Release|Any CPU.Build.0 = Release|Any CPU
		{9A3F5FEF-B381-47BD-92E9-D64D52126BCF}.Debug|Any CPU.ActiveCfg = Debug|Any CPU
		{9A3F5FEF-B381-47BD-92E9-D64D52126BCF}.Debug|Any CPU.Build.0 = Debug|Any CPU
		{9A3F5FEF-B381-47BD-92E9-D64D52126BCF}.Release|Any CPU.ActiveCfg = Release|Any CPU
		{9A3F5FEF-B381-47BD-92E9-D64D52126BCF}.Release|Any CPU.Build.0 = Release|Any CPU
		{6ED673BF-33F1-430E-B8D8-B66B8AEB0E85}.Debug|Any CPU.ActiveCfg = Debug|Any CPU
		{6ED673BF-33F1-430E-B8D8-B66B8AEB0E85}.Debug|Any CPU.Build.0 = Debug|Any CPU
		{6ED673BF-33F1-430E-B8D8-B66B8AEB0E85}.Release|Any CPU.ActiveCfg = Release|Any CPU
		{6ED673BF-33F1-430E-B8D8-B66B8AEB0E85}.Release|Any CPU.Build.0 = Release|Any CPU
		{8B8EF537-2E63-4CC5-93B0-7DFA3F784EC1}.Debug|Any CPU.ActiveCfg = Debug|Any CPU
		{8B8EF537-2E63-4CC5-93B0-7DFA3F784EC1}.Debug|Any CPU.Build.0 = Debug|Any CPU
		{8B8EF537-2E63-4CC5-93B0-7DFA3F784EC1}.Release|Any CPU.ActiveCfg = Release|Any CPU
		{8B8EF537-2E63-4CC5-93B0-7DFA3F784EC1}.Release|Any CPU.Build.0 = Release|Any CPU
		{310540F3-8784-47B0-B29E-2BACEEAC7A8C}.Debug|Any CPU.ActiveCfg = Debug|Any CPU
		{310540F3-8784-47B0-B29E-2BACEEAC7A8C}.Debug|Any CPU.Build.0 = Debug|Any CPU
		{310540F3-8784-47B0-B29E-2BACEEAC7A8C}.Release|Any CPU.ActiveCfg = Release|Any CPU
		{310540F3-8784-47B0-B29E-2BACEEAC7A8C}.Release|Any CPU.Build.0 = Release|Any CPU
		{4473BFB3-079C-4C5A-BEA3-16AEFEA09F48}.Debug|Any CPU.ActiveCfg = Debug|Any CPU
		{4473BFB3-079C-4C5A-BEA3-16AEFEA09F48}.Debug|Any CPU.Build.0 = Debug|Any CPU
		{4473BFB3-079C-4C5A-BEA3-16AEFEA09F48}.Release|Any CPU.ActiveCfg = Release|Any CPU
		{4473BFB3-079C-4C5A-BEA3-16AEFEA09F48}.Release|Any CPU.Build.0 = Release|Any CPU
		{699D6EAB-B71E-4A58-AB09-98C88B7AC0B4}.Debug|Any CPU.ActiveCfg = Debug|Any CPU
		{699D6EAB-B71E-4A58-AB09-98C88B7AC0B4}.Debug|Any CPU.Build.0 = Debug|Any CPU
		{699D6EAB-B71E-4A58-AB09-98C88B7AC0B4}.Release|Any CPU.ActiveCfg = Release|Any CPU
		{699D6EAB-B71E-4A58-AB09-98C88B7AC0B4}.Release|Any CPU.Build.0 = Release|Any CPU
		{CE150842-25D5-4673-B4F8-F951465EFA28}.Debug|Any CPU.ActiveCfg = Debug|Any CPU
		{CE150842-25D5-4673-B4F8-F951465EFA28}.Debug|Any CPU.Build.0 = Debug|Any CPU
		{CE150842-25D5-4673-B4F8-F951465EFA28}.Release|Any CPU.ActiveCfg = Release|Any CPU
		{CE150842-25D5-4673-B4F8-F951465EFA28}.Release|Any CPU.Build.0 = Release|Any CPU
	EndGlobalSection
	GlobalSection(SolutionProperties) = preSolution
		HideSolutionNode = FALSE
	EndGlobalSection
	GlobalSection(NestedProjects) = preSolution
		{58B12CE8-0F2B-4E74-A61D-76C36776589B} = {9409F3C3-B313-4767-AB93-0E3B4E9F61B9}
		{C18E560F-D66D-490B-B6E9-BA149166D233} = {9409F3C3-B313-4767-AB93-0E3B4E9F61B9}
		{38D05F6E-1A40-4B38-BB64-82220085FEF6} = {C18E560F-D66D-490B-B6E9-BA149166D233}
		{E5B68690-9A50-49D8-9B1A-E8C5DA181ADC} = {EA401552-2AAA-4F19-A1BF-01E1CA119453}
		{9A3F5FEF-B381-47BD-92E9-D64D52126BCF} = {793A4AD2-0A79-4A1C-BFBF-E0A3BC7B5E97}
		{6ED673BF-33F1-430E-B8D8-B66B8AEB0E85} = {EDE3845D-78A7-421B-97B6-CDCE28311569}
		{8B8EF537-2E63-4CC5-93B0-7DFA3F784EC1} = {EDE3845D-78A7-421B-97B6-CDCE28311569}
		{310540F3-8784-47B0-B29E-2BACEEAC7A8C} = {A9B69A5C-3877-43BC-A434-C67DA86359AE}
		{4473BFB3-079C-4C5A-BEA3-16AEFEA09F48} = {793A4AD2-0A79-4A1C-BFBF-E0A3BC7B5E97}
		{699D6EAB-B71E-4A58-AB09-98C88B7AC0B4} = {793A4AD2-0A79-4A1C-BFBF-E0A3BC7B5E97}
		{CE150842-25D5-4673-B4F8-F951465EFA28} = {EDE3845D-78A7-421B-97B6-CDCE28311569}
	EndGlobalSection
	GlobalSection(ExtensibilityGlobals) = postSolution
		SolutionGuid = {49F9BD31-72EE-4C86-9D4F-A7A7B669E80E}
	EndGlobalSection
EndGlobal
