---
ID: "d85e246e-68ad-5787-ba8c-f474043926bb"
Parent: "e16bda46-866a-596e-ad6a-616f69d073be"
Template: "1ad110a9-3cbc-5818-b339-d6f685a8473c"
Path: "/sitecore/content/habitatfitness/home/my-events/Data/ContentBlock"
DB: master
SharedFields:
- ID: "a4f985d9-98b3-4b52-aaaf-4344f6e747c6"
  Hint: __Workflow
  Value: "{6C59AE29-D0A1-4B77-9305-0ABAB21D5FE5}"
Languages:
- Language: en
  Fields:
  - ID: "b5e02ad9-d56f-4c41-a065-a133db87bdeb"
    Hint: __Display name
    Value: ContentBlock
  Versions:
  - Version: 1
    Fields:
    - ID: "25bed78c-4957-4165-998a-ca1b52f67497"
      Hint: __Created
      Value: 20181027T234955Z
    - ID: "3e431de1-525e-47a3-b6b0-1ccbec3a8c98"
      Hint: __Workflow state
      Value: "{C55B483C-EA7F-4E76-A066-985F7D9396CA}"
    - ID: "42989d60-44a3-5241-bb3c-4d40348836db"
      Hint: heading
      Value: My Events
    - ID: "5dd74568-4d4b-44c1-b513-0af5f4cda34f"
      Hint: __Created by
      Value: |
        sitecore\virtualssuser
