
Microsoft Visual Studio Solution File, Format Version 12.00
# Visual Studio Version 16
VisualStudioVersion = 16.0.31025.194
MinimumVisualStudioVersion = 10.0.40219.1
Project("{9A19103F-16F7-4668-BE54-9A1E7A4F7556}") = "Sitecore.Integrations.OrderCloud.Functions", "Sitecore.Integrations.OrderCloud.Functions\Sitecore.Integrations.OrderCloud.Functions.csproj", "{2E112FD8-6AF0-4D5E-8FD5-66008CA17759}"
EndProject
Project("{2150E333-8FDC-42A3-9474-1A3956D46DE8}") = "Solution Items", "Solution Items", "{B63373CD-8156-4DE9-A367-9A5548A62299}"
	ProjectSection(SolutionItems) = preProject
		.gitignore = .gitignore
		README.md = README.md
	EndProjectSection
EndProject
Global
	GlobalSection(SolutionConfigurationPlatforms) = preSolution
		Debug|Any CPU = Debug|Any CPU
		Release|Any CPU = Release|Any CPU
	EndGlobalSection
	GlobalSection(ProjectConfigurationPlatforms) = postSolution
		{2E112FD8-6AF0-4D5E-8FD5-66008CA17759}.Debug|Any CPU.ActiveCfg = Debug|Any CPU
		{2E112FD8-6AF0-4D5E-8FD5-66008CA17759}.Debug|Any CPU.Build.0 = Debug|Any CPU
		{2E112FD8-6AF0-4D5E-8FD5-66008CA17759}.Release|Any CPU.ActiveCfg = Release|Any CPU
		{2E112FD8-6AF0-4D5E-8FD5-66008CA17759}.Release|Any CPU.Build.0 = Release|Any CPU
	EndGlobalSection
	GlobalSection(SolutionProperties) = preSolution
		HideSolutionNode = FALSE
	EndGlobalSection
	GlobalSection(ExtensibilityGlobals) = postSolution
		SolutionGuid = {A69FBBF5-276F-45F4-81DF-04A94115234D}
	EndGlobalSection
EndGlobal
